// !$*UTF8*$!
{
	archiveVersion = 1;
	classes = {
	};
	objectVersion = 77;
	objects = {

/* Begin PBXBuildFile section */
		027B874265DAF51328187F8A /* HTTPRequestParserTests.swift in Sources */ = {isa = PBXBuildFile; fileRef = A89C56CBD0B083C61244D67E /* HTTPRequestParserTests.swift */; };
		3315BF2431EDFF114E94F378 /* RequestPath.swift in Sources */ = {isa = PBXBuildFile; fileRef = 116F199F209380C5D7EE5275 /* RequestPath.swift */; };
		38D01EB4B945DD139F2719AB /* SecurityScopedRoot.swift in Sources */ = {isa = PBXBuildFile; fileRef = BF57275AE49C8E2E6C2FB3CC /* SecurityScopedRoot.swift */; };
		43ED04E6E3BB404EA13AD213 /* ServerScreenUITests.swift in Sources */ = {isa = PBXBuildFile; fileRef = C0F507BE4406964D7E148A41 /* ServerScreenUITests.swift */; };
		4DDF2C61D13D6F1D15CFCEA1 /* HTTPConformanceTests.swift in Sources */ = {isa = PBXBuildFile; fileRef = 79C405B40312AB08B313C405 /* HTTPConformanceTests.swift */; };
		5071A4C0963E31F80DA64503 /* IOSServerController.swift in Sources */ = {isa = PBXBuildFile; fileRef = 1F8BA7F5DD33974468DF1821 /* IOSServerController.swift */; };
		56C0EDE3A9BA2B91586C044A /* IOSServerControllerTests.swift in Sources */ = {isa = PBXBuildFile; fileRef = FDF36EC37CEE80313A79C2E5 /* IOSServerControllerTests.swift */; };
		5A58929D01752F54A3DED687 /* HTTPTypes.swift in Sources */ = {isa = PBXBuildFile; fileRef = 39083A4E94AC6ACFAA3432CA /* HTTPTypes.swift */; };
		5F8E35220F6BE3BB3C6304A3 /* HTTPRequestParser.swift in Sources */ = {isa = PBXBuildFile; fileRef = 6F1A87A30B7504AC4BB838D9 /* HTTPRequestParser.swift */; };
		688DD1DC198B96397E2040F5 /* Assets.xcassets in Resources */ = {isa = PBXBuildFile; fileRef = 43A1CC27E4FFFD2F50A8867E /* Assets.xcassets */; };
		6FDA75E31660CFF97A377289 /* RequestPathTests.swift in Sources */ = {isa = PBXBuildFile; fileRef = 87618E6A9EE3A11522A8AD0A /* RequestPathTests.swift */; };
		7E3E64442E488B15F75FDA80 /* SafariPreview.swift in Sources */ = {isa = PBXBuildFile; fileRef = B88F139456A8DF19FCB0C448 /* SafariPreview.swift */; };
		83932DAC37603A4DCCCDDBE5 /* AppSettingsStore.swift in Sources */ = {isa = PBXBuildFile; fileRef = B134FC1E228D3CDD845263BE /* AppSettingsStore.swift */; };
		933415E1F425DAA13A84155F /* DebugFixture.swift in Sources */ = {isa = PBXBuildFile; fileRef = 212AFB8A561E2E3A8B43CF69 /* DebugFixture.swift */; };
		A003DEC8A5A7AE01DFBEF039 /* SwiftHTTPServerTests.swift in Sources */ = {isa = PBXBuildFile; fileRef = 8F9FAD625D77C56DE1E2B6B9 /* SwiftHTTPServerTests.swift */; };
		A6E02979C9BD14294CD97F58 /* HTTPFileService.swift in Sources */ = {isa = PBXBuildFile; fileRef = 6E74D460A9AAA60ED357AD3C /* HTTPFileService.swift */; };
		AF2786C7DE534E49CCB093BC /* DirectoryPicker.swift in Sources */ = {isa = PBXBuildFile; fileRef = 083EB7E5B6CDE721010A66F9 /* DirectoryPicker.swift */; };
		B21CB7F9785FF25E440D4EA6 /* OK200App.swift in Sources */ = {isa = PBXBuildFile; fileRef = 2B334D7DC2B2D0E1259CED01 /* OK200App.swift */; };
		B8EC9622A639482F8D39B359 /* corpus-v1.json in Resources */ = {isa = PBXBuildFile; fileRef = 00CF3599EAE9E02505FFCC57 /* corpus-v1.json */; };
		CD22D00E51416E8E52ABC88E /* HTTPFileServiceTests.swift in Sources */ = {isa = PBXBuildFile; fileRef = B4C693E028DACBB1074E6788 /* HTTPFileServiceTests.swift */; };
		E60AA3D4AD90E3BA76FEC69A /* ServerConfiguration.swift in Sources */ = {isa = PBXBuildFile; fileRef = 4D2E650548EE59AF09461CC8 /* ServerConfiguration.swift */; };
		EA8369A2B8A55D01E5C2301D /* SwiftHTTPServer.swift in Sources */ = {isa = PBXBuildFile; fileRef = D135B97B9690362902695634 /* SwiftHTTPServer.swift */; };
		EFD9A13CF71FAA83FD89274C /* NetworkAddressMonitor.swift in Sources */ = {isa = PBXBuildFile; fileRef = 76870087664A9F354E2581DD /* NetworkAddressMonitor.swift */; };
		F71A6C86900B835310EFD418 /* ServerScreen.swift in Sources */ = {isa = PBXBuildFile; fileRef = 45E7739834AF0023BC469F3B /* ServerScreen.swift */; };
		F879E17DF41DE84435616825 /* SettingsCompatibilityTests.swift in Sources */ = {isa = PBXBuildFile; fileRef = 49D3B5F5F64A42A64073B501 /* SettingsCompatibilityTests.swift */; };
/* End PBXBuildFile section */

/* Begin PBXContainerItemProxy section */
		3A9C15261E8CEAC9AD9E0025 /* PBXContainerItemProxy */ = {
			isa = PBXContainerItemProxy;
			containerPortal = D8457AB0679B20DB1B93EF57 /* Project object */;
			proxyType = 1;
			remoteGlobalIDString = 39474563A2144FC1E3699BD6;
			remoteInfo = OK200;
		};
		772AA75F8D63204A92F335E9 /* PBXContainerItemProxy */ = {
			isa = PBXContainerItemProxy;
			containerPortal = D8457AB0679B20DB1B93EF57 /* Project object */;
			proxyType = 1;
			remoteGlobalIDString = 39474563A2144FC1E3699BD6;
			remoteInfo = OK200;
		};
/* End PBXContainerItemProxy section */

/* Begin PBXFileReference section */
		00CF3599EAE9E02505FFCC57 /* corpus-v1.json */ = {isa = PBXFileReference; lastKnownFileType = text.json; path = "corpus-v1.json"; sourceTree = "<group>"; };
		083EB7E5B6CDE721010A66F9 /* DirectoryPicker.swift */ = {isa = PBXFileReference; lastKnownFileType = sourcecode.swift; path = DirectoryPicker.swift; sourceTree = "<group>"; };
		116F199F209380C5D7EE5275 /* RequestPath.swift */ = {isa = PBXFileReference; lastKnownFileType = sourcecode.swift; path = RequestPath.swift; sourceTree = "<group>"; };
		1F8BA7F5DD33974468DF1821 /* IOSServerController.swift */ = {isa = PBXFileReference; lastKnownFileType = sourcecode.swift; path = IOSServerController.swift; sourceTree = "<group>"; };
		212AFB8A561E2E3A8B43CF69 /* DebugFixture.swift */ = {isa = PBXFileReference; lastKnownFileType = sourcecode.swift; path = DebugFixture.swift; sourceTree = "<group>"; };
		2B334D7DC2B2D0E1259CED01 /* OK200App.swift */ = {isa = PBXFileReference; lastKnownFileType = sourcecode.swift; path = OK200App.swift; sourceTree = "<group>"; };
		39083A4E94AC6ACFAA3432CA /* HTTPTypes.swift */ = {isa = PBXFileReference; lastKnownFileType = sourcecode.swift; path = HTTPTypes.swift; sourceTree = "<group>"; };
		43A1CC27E4FFFD2F50A8867E /* Assets.xcassets */ = {isa = PBXFileReference; lastKnownFileType = folder.assetcatalog; path = Assets.xcassets; sourceTree = "<group>"; };
		45E7739834AF0023BC469F3B /* ServerScreen.swift */ = {isa = PBXFileReference; lastKnownFileType = sourcecode.swift; path = ServerScreen.swift; sourceTree = "<group>"; };
		49D3B5F5F64A42A64073B501 /* SettingsCompatibilityTests.swift */ = {isa = PBXFileReference; lastKnownFileType = sourcecode.swift; path = SettingsCompatibilityTests.swift; sourceTree = "<group>"; };
		4D2E650548EE59AF09461CC8 /* ServerConfiguration.swift */ = {isa = PBXFileReference; lastKnownFileType = sourcecode.swift; path = ServerConfiguration.swift; sourceTree = "<group>"; };
		52EF28765BB03CA068368611 /* OK200.app */ = {isa = PBXFileReference; includeInIndex = 0; lastKnownFileType = wrapper.application; path = OK200.app; sourceTree = BUILT_PRODUCTS_DIR; };
		6E74D460A9AAA60ED357AD3C /* HTTPFileService.swift */ = {isa = PBXFileReference; lastKnownFileType = sourcecode.swift; path = HTTPFileService.swift; sourceTree = "<group>"; };
		6F1A87A30B7504AC4BB838D9 /* HTTPRequestParser.swift */ = {isa = PBXFileReference; lastKnownFileType = sourcecode.swift; path = HTTPRequestParser.swift; sourceTree = "<group>"; };
		76870087664A9F354E2581DD /* NetworkAddressMonitor.swift */ = {isa = PBXFileReference; lastKnownFileType = sourcecode.swift; path = NetworkAddressMonitor.swift; sourceTree = "<group>"; };
		79C405B40312AB08B313C405 /* HTTPConformanceTests.swift */ = {isa = PBXFileReference; lastKnownFileType = sourcecode.swift; path = HTTPConformanceTests.swift; sourceTree = "<group>"; };
		87618E6A9EE3A11522A8AD0A /* RequestPathTests.swift */ = {isa = PBXFileReference; lastKnownFileType = sourcecode.swift; path = RequestPathTests.swift; sourceTree = "<group>"; };
		8F9FAD625D77C56DE1E2B6B9 /* SwiftHTTPServerTests.swift */ = {isa = PBXFileReference; lastKnownFileType = sourcecode.swift; path = SwiftHTTPServerTests.swift; sourceTree = "<group>"; };
		A89C56CBD0B083C61244D67E /* HTTPRequestParserTests.swift */ = {isa = PBXFileReference; lastKnownFileType = sourcecode.swift; path = HTTPRequestParserTests.swift; sourceTree = "<group>"; };
		B134FC1E228D3CDD845263BE /* AppSettingsStore.swift */ = {isa = PBXFileReference; lastKnownFileType = sourcecode.swift; path = AppSettingsStore.swift; sourceTree = "<group>"; };
		B4C693E028DACBB1074E6788 /* HTTPFileServiceTests.swift */ = {isa = PBXFileReference; lastKnownFileType = sourcecode.swift; path = HTTPFileServiceTests.swift; sourceTree = "<group>"; };
		B88F139456A8DF19FCB0C448 /* SafariPreview.swift */ = {isa = PBXFileReference; lastKnownFileType = sourcecode.swift; path = SafariPreview.swift; sourceTree = "<group>"; };
		BF57275AE49C8E2E6C2FB3CC /* SecurityScopedRoot.swift */ = {isa = PBXFileReference; lastKnownFileType = sourcecode.swift; path = SecurityScopedRoot.swift; sourceTree = "<group>"; };
		C0F507BE4406964D7E148A41 /* ServerScreenUITests.swift */ = {isa = PBXFileReference; lastKnownFileType = sourcecode.swift; path = ServerScreenUITests.swift; sourceTree = "<group>"; };
		D135B97B9690362902695634 /* SwiftHTTPServer.swift */ = {isa = PBXFileReference; lastKnownFileType = sourcecode.swift; path = SwiftHTTPServer.swift; sourceTree = "<group>"; };
		EC5088094161159E3487471D /* OK200UITests.xctest */ = {isa = PBXFileReference; includeInIndex = 0; lastKnownFileType = wrapper.cfbundle; path = OK200UITests.xctest; sourceTree = BUILT_PRODUCTS_DIR; };
		FB9DC5E5B12F73EE5EAE9328 /* OK200Tests.xctest */ = {isa = PBXFileReference; includeInIndex = 0; lastKnownFileType = wrapper.cfbundle; path = OK200Tests.xctest; sourceTree = BUILT_PRODUCTS_DIR; };
		FDF36EC37CEE80313A79C2E5 /* IOSServerControllerTests.swift */ = {isa = PBXFileReference; lastKnownFileType = sourcecode.swift; path = IOSServerControllerTests.swift; sourceTree = "<group>"; };
/* End PBXFileReference section */

/* Begin PBXGroup section */
		197D0EE3E6E8DF0D5E814D65 /* Resources */ = {
			isa = PBXGroup;
			children = (
				43A1CC27E4FFFD2F50A8867E /* Assets.xcassets */,
			);
			path = Resources;
			sourceTree = "<group>";
		};
		2A088E2F86D33674B89960A2 /* Products */ = {
			isa = PBXGroup;
			children = (
				52EF28765BB03CA068368611 /* OK200.app */,
				FB9DC5E5B12F73EE5EAE9328 /* OK200Tests.xctest */,
				EC5088094161159E3487471D /* OK200UITests.xctest */,
			);
			name = Products;
			sourceTree = "<group>";
		};
		2CBBA8B3268CF16B5FABF8FE /* 200OK */ = {
			isa = PBXGroup;
			children = (
				197D0EE3E6E8DF0D5E814D65 /* Resources */,
				51BF4260858DE7AA346227DD /* Sources */,
			);
			path = 200OK;
			sourceTree = "<group>";
		};
		34F99C272CF37753A51CA3B4 /* http-conformance */ = {
			isa = PBXGroup;
			children = (
				00CF3599EAE9E02505FFCC57 /* corpus-v1.json */,
			);
			path = "http-conformance";
			sourceTree = "<group>";
		};
		3C2B50C27AF158D61AA2EE3C /* HTTP */ = {
			isa = PBXGroup;
			children = (
				6E74D460A9AAA60ED357AD3C /* HTTPFileService.swift */,
				6F1A87A30B7504AC4BB838D9 /* HTTPRequestParser.swift */,
				39083A4E94AC6ACFAA3432CA /* HTTPTypes.swift */,
				116F199F209380C5D7EE5275 /* RequestPath.swift */,
				D135B97B9690362902695634 /* SwiftHTTPServer.swift */,
			);
			path = HTTP;
			sourceTree = "<group>";
		};
		411E0F941D5FE5D039221DA9 /* web-server-chrome */ = {
			isa = PBXGroup;
			children = (
				9EA8E8B2DA41031B483B3A5D /* tests */,
			);
			name = "web-server-chrome";
			path = ..;
			sourceTree = "<group>";
		};
		4892CE61C8E7D9B4A9191B61 /* Storage */ = {
			isa = PBXGroup;
			children = (
				BF57275AE49C8E2E6C2FB3CC /* SecurityScopedRoot.swift */,
			);
			path = Storage;
			sourceTree = "<group>";
		};
		51BF4260858DE7AA346227DD /* Sources */ = {
			isa = PBXGroup;
			children = (
				B134FC1E228D3CDD845263BE /* AppSettingsStore.swift */,
				212AFB8A561E2E3A8B43CF69 /* DebugFixture.swift */,
				083EB7E5B6CDE721010A66F9 /* DirectoryPicker.swift */,
				1F8BA7F5DD33974468DF1821 /* IOSServerController.swift */,
				76870087664A9F354E2581DD /* NetworkAddressMonitor.swift */,
				2B334D7DC2B2D0E1259CED01 /* OK200App.swift */,
				B88F139456A8DF19FCB0C448 /* SafariPreview.swift */,
				4D2E650548EE59AF09461CC8 /* ServerConfiguration.swift */,
				45E7739834AF0023BC469F3B /* ServerScreen.swift */,
				3C2B50C27AF158D61AA2EE3C /* HTTP */,
				4892CE61C8E7D9B4A9191B61 /* Storage */,
			);
			path = Sources;
			sourceTree = "<group>";
		};
		573CE729090E58A96D81B712 /* 200OKUITests */ = {
			isa = PBXGroup;
			children = (
				C0F507BE4406964D7E148A41 /* ServerScreenUITests.swift */,
			);
			path = 200OKUITests;
			sourceTree = "<group>";
		};
		5E58E887E8A2F3715AC8917A /* 200OKTests */ = {
			isa = PBXGroup;
			children = (
				79C405B40312AB08B313C405 /* HTTPConformanceTests.swift */,
				B4C693E028DACBB1074E6788 /* HTTPFileServiceTests.swift */,
				A89C56CBD0B083C61244D67E /* HTTPRequestParserTests.swift */,
				FDF36EC37CEE80313A79C2E5 /* IOSServerControllerTests.swift */,
				87618E6A9EE3A11522A8AD0A /* RequestPathTests.swift */,
				49D3B5F5F64A42A64073B501 /* SettingsCompatibilityTests.swift */,
				8F9FAD625D77C56DE1E2B6B9 /* SwiftHTTPServerTests.swift */,
			);
			path = 200OKTests;
			sourceTree = "<group>";
		};
		9EA8E8B2DA41031B483B3A5D /* tests */ = {
			isa = PBXGroup;
			children = (
				34F99C272CF37753A51CA3B4 /* http-conformance */,
			);
			path = tests;
			sourceTree = "<group>";
		};
		B72141085C34D735A799950E = {
			isa = PBXGroup;
			children = (
				2CBBA8B3268CF16B5FABF8FE /* 200OK */,
				5E58E887E8A2F3715AC8917A /* 200OKTests */,
				573CE729090E58A96D81B712 /* 200OKUITests */,
				411E0F941D5FE5D039221DA9 /* web-server-chrome */,
				2A088E2F86D33674B89960A2 /* Products */,
			);
			sourceTree = "<group>";
		};
/* End PBXGroup section */

/* Begin PBXNativeTarget section */
		39474563A2144FC1E3699BD6 /* OK200 */ = {
			isa = PBXNativeTarget;
			buildConfigurationList = 4B376F37127ACEA549C8F40F /* Build configuration list for PBXNativeTarget "OK200" */;
			buildPhases = (
				E8872157BD9D72532EE42B43 /* Sources */,
				60E011017329BE15F4C046E9 /* Resources */,
			);
			buildRules = (
			);
			dependencies = (
			);
			name = OK200;
			packageProductDependencies = (
			);
			productName = OK200;
			productReference = 52EF28765BB03CA068368611 /* OK200.app */;
			productType = "com.apple.product-type.application";
		};
		5228894C5B2E5B6381626156 /* OK200Tests */ = {
			isa = PBXNativeTarget;
			buildConfigurationList = D622A84CA544A3CA10F66BAE /* Build configuration list for PBXNativeTarget "OK200Tests" */;
			buildPhases = (
				66D1E6AE98DF6EB26E29EE36 /* Sources */,
				D3F67C14F618EAD507BAF5DB /* Resources */,
			);
			buildRules = (
			);
			dependencies = (
				A2C945FAB7D7ECA29710B57B /* PBXTargetDependency */,
			);
			name = OK200Tests;
			packageProductDependencies = (
			);
			productName = OK200Tests;
			productReference = FB9DC5E5B12F73EE5EAE9328 /* OK200Tests.xctest */;
			productType = "com.apple.product-type.bundle.unit-test";
		};
		F750C52DDA301F9ABAB57070 /* OK200UITests */ = {
			isa = PBXNativeTarget;
			buildConfigurationList = 0CFEE359EE4A8D4C49FC7A3C /* Build configuration list for PBXNativeTarget "OK200UITests" */;
			buildPhases = (
				7931EB61C7668D43F339107A /* Sources */,
			);
			buildRules = (
			);
			dependencies = (
				900B2A9C4A3D1A063FABBA14 /* PBXTargetDependency */,
			);
			name = OK200UITests;
			packageProductDependencies = (
			);
			productName = OK200UITests;
			productReference = EC5088094161159E3487471D /* OK200UITests.xctest */;
			productType = "com.apple.product-type.bundle.ui-testing";
		};
/* End PBXNativeTarget section */

/* Begin PBXProject section */
		D8457AB0679B20DB1B93EF57 /* Project object */ = {
			isa = PBXProject;
			attributes = {
				BuildIndependentTargetsInParallel = YES;
				LastUpgradeCheck = 1430;
				TargetAttributes = {
					39474563A2144FC1E3699BD6 = {
						ProvisioningStyle = Automatic;
					};
					5228894C5B2E5B6381626156 = {
						ProvisioningStyle = Automatic;
					};
					F750C52DDA301F9ABAB57070 = {
						ProvisioningStyle = Automatic;
						TestTargetID = 39474563A2144FC1E3699BD6;
					};
				};
			};
			buildConfigurationList = 0E4BF77316831DD2C5D30D23 /* Build configuration list for PBXProject "OK200" */;
			developmentRegion = en;
			hasScannedForEncodings = 0;
			knownRegions = (
				Base,
				en,
			);
			mainGroup = B72141085C34D735A799950E;
			minimizedProjectReferenceProxies = 1;
			preferredProjectObjectVersion = 77;
			productRefGroup = 2A088E2F86D33674B89960A2 /* Products */;
			projectDirPath = "";
			projectRoot = "";
			targets = (
				39474563A2144FC1E3699BD6 /* OK200 */,
				5228894C5B2E5B6381626156 /* OK200Tests */,
				F750C52DDA301F9ABAB57070 /* OK200UITests */,
			);
		};
/* End PBXProject section */

/* Begin PBXResourcesBuildPhase section */
		60E011017329BE15F4C046E9 /* Resources */ = {
			isa = PBXResourcesBuildPhase;
			buildActionMask = 2147483647;
			files = (
				688DD1DC198B96397E2040F5 /* Assets.xcassets in Resources */,
			);
			runOnlyForDeploymentPostprocessing = 0;
		};
		D3F67C14F618EAD507BAF5DB /* Resources */ = {
			isa = PBXResourcesBuildPhase;
			buildActionMask = 2147483647;
			files = (
				B8EC9622A639482F8D39B359 /* corpus-v1.json in Resources */,
			);
			runOnlyForDeploymentPostprocessing = 0;
		};
/* End PBXResourcesBuildPhase section */

/* Begin PBXSourcesBuildPhase section */
		66D1E6AE98DF6EB26E29EE36 /* Sources */ = {
			isa = PBXSourcesBuildPhase;
			buildActionMask = 2147483647;
			files = (
				4DDF2C61D13D6F1D15CFCEA1 /* HTTPConformanceTests.swift in Sources */,
				CD22D00E51416E8E52ABC88E /* HTTPFileServiceTests.swift in Sources */,
				027B874265DAF51328187F8A /* HTTPRequestParserTests.swift in Sources */,
				56C0EDE3A9BA2B91586C044A /* IOSServerControllerTests.swift in Sources */,
				6FDA75E31660CFF97A377289 /* RequestPathTests.swift in Sources */,
				F879E17DF41DE84435616825 /* SettingsCompatibilityTests.swift in Sources */,
				A003DEC8A5A7AE01DFBEF039 /* SwiftHTTPServerTests.swift in Sources */,
			);
			runOnlyForDeploymentPostprocessing = 0;
		};
		7931EB61C7668D43F339107A /* Sources */ = {
			isa = PBXSourcesBuildPhase;
			buildActionMask = 2147483647;
			files = (
				43ED04E6E3BB404EA13AD213 /* ServerScreenUITests.swift in Sources */,
			);
			runOnlyForDeploymentPostprocessing = 0;
		};
		E8872157BD9D72532EE42B43 /* Sources */ = {
			isa = PBXSourcesBuildPhase;
			buildActionMask = 2147483647;
			files = (
				83932DAC37603A4DCCCDDBE5 /* AppSettingsStore.swift in Sources */,
				933415E1F425DAA13A84155F /* DebugFixture.swift in Sources */,
				AF2786C7DE534E49CCB093BC /* DirectoryPicker.swift in Sources */,
				A6E02979C9BD14294CD97F58 /* HTTPFileService.swift in Sources */,
				5F8E35220F6BE3BB3C6304A3 /* HTTPRequestParser.swift in Sources */,
				5A58929D01752F54A3DED687 /* HTTPTypes.swift in Sources */,
				5071A4C0963E31F80DA64503 /* IOSServerController.swift in Sources */,
				EFD9A13CF71FAA83FD89274C /* NetworkAddressMonitor.swift in Sources */,
				B21CB7F9785FF25E440D4EA6 /* OK200App.swift in Sources */,
				3315BF2431EDFF114E94F378 /* RequestPath.swift in Sources */,
				7E3E64442E488B15F75FDA80 /* SafariPreview.swift in Sources */,
				38D01EB4B945DD139F2719AB /* SecurityScopedRoot.swift in Sources */,
				E60AA3D4AD90E3BA76FEC69A /* ServerConfiguration.swift in Sources */,
				F71A6C86900B835310EFD418 /* ServerScreen.swift in Sources */,
				EA8369A2B8A55D01E5C2301D /* SwiftHTTPServer.swift in Sources */,
			);
			runOnlyForDeploymentPostprocessing = 0;
		};
/* End PBXSourcesBuildPhase section */

/* Begin PBXTargetDependency section */
		900B2A9C4A3D1A063FABBA14 /* PBXTargetDependency */ = {
			isa = PBXTargetDependency;
			target = 39474563A2144FC1E3699BD6 /* OK200 */;
			targetProxy = 3A9C15261E8CEAC9AD9E0025 /* PBXContainerItemProxy */;
		};
		A2C945FAB7D7ECA29710B57B /* PBXTargetDependency */ = {
			isa = PBXTargetDependency;
			target = 39474563A2144FC1E3699BD6 /* OK200 */;
			targetProxy = 772AA75F8D63204A92F335E9 /* PBXContainerItemProxy */;
		};
/* End PBXTargetDependency section */

/* Begin XCBuildConfiguration section */
		22D8B906EE3585061DF66BD5 /* Debug */ = {
			isa = XCBuildConfiguration;
			buildSettings = {
				BUNDLE_LOADER = "$(TEST_HOST)";
				GENERATE_INFOPLIST_FILE = YES;
				LD_RUNPATH_SEARCH_PATHS = (
					"$(inherited)",
					"@executable_path/Frameworks",
					"@loader_path/Frameworks",
				);
				PRODUCT_BUNDLE_IDENTIFIER = app.ok200.ios.tests;
				SDKROOT = iphoneos;
				TARGETED_DEVICE_FAMILY = "1,2";
				TEST_HOST = "$(BUILT_PRODUCTS_DIR)/OK200.app/OK200";
			};
			name = Debug;
		};
		24E3B2463D69306E26132876 /* Release */ = {
			isa = XCBuildConfiguration;
			buildSettings = {
				ALWAYS_SEARCH_USER_PATHS = NO;
				CLANG_ANALYZER_NONNULL = YES;
				CLANG_ANALYZER_NUMBER_OBJECT_CONVERSION = YES_AGGRESSIVE;
				CLANG_CXX_LANGUAGE_STANDARD = "gnu++14";
				CLANG_CXX_LIBRARY = "libc++";
				CLANG_ENABLE_MODULES = YES;
				CLANG_ENABLE_OBJC_ARC = YES;
				CLANG_ENABLE_OBJC_WEAK = YES;
				CLANG_WARN_BLOCK_CAPTURE_AUTORELEASING = YES;
				CLANG_WARN_BOOL_CONVERSION = YES;
				CLANG_WARN_COMMA = YES;
				CLANG_WARN_CONSTANT_CONVERSION = YES;
				CLANG_WARN_DEPRECATED_OBJC_IMPLEMENTATIONS = YES;
				CLANG_WARN_DIRECT_OBJC_ISA_USAGE = YES_ERROR;
				CLANG_WARN_DOCUMENTATION_COMMENTS = YES;
				CLANG_WARN_EMPTY_BODY = YES;
				CLANG_WARN_ENUM_CONVERSION = YES;
				CLANG_WARN_INFINITE_RECURSION = YES;
				CLANG_WARN_INT_CONVERSION = YES;
				CLANG_WARN_NON_LITERAL_NULL_CONVERSION = YES;
				CLANG_WARN_OBJC_IMPLICIT_RETAIN_SELF = YES;
				CLANG_WARN_OBJC_LITERAL_CONVERSION = YES;
				CLANG_WARN_OBJC_ROOT_CLASS = YES_ERROR;
				CLANG_WARN_QUOTED_INCLUDE_IN_FRAMEWORK_HEADER = YES;
				CLANG_WARN_RANGE_LOOP_ANALYSIS = YES;
				CLANG_WARN_STRICT_PROTOTYPES = YES;
				CLANG_WARN_SUSPICIOUS_MOVE = YES;
				CLANG_WARN_UNGUARDED_AVAILABILITY = YES_AGGRESSIVE;
				CLANG_WARN_UNREACHABLE_CODE = YES;
				CLANG_WARN__DUPLICATE_METHOD_MATCH = YES;
				CODE_SIGN_STYLE = Automatic;
				COPY_PHASE_STRIP = NO;
				CURRENT_PROJECT_VERSION = 1;
				DEBUG_INFORMATION_FORMAT = "dwarf-with-dsym";
				ENABLE_NS_ASSERTIONS = NO;
				ENABLE_STRICT_OBJC_MSGSEND = YES;
				GCC_C_LANGUAGE_STANDARD = gnu11;
				GCC_NO_COMMON_BLOCKS = YES;
				GCC_WARN_64_TO_32_BIT_CONVERSION = YES;
				GCC_WARN_ABOUT_RETURN_TYPE = YES_ERROR;
				GCC_WARN_UNDECLARED_SELECTOR = YES;
				GCC_WARN_UNINITIALIZED_AUTOS = YES_AGGRESSIVE;
				GCC_WARN_UNUSED_FUNCTION = YES;
				GCC_WARN_UNUSED_VARIABLE = YES;
				IPHONEOS_DEPLOYMENT_TARGET = 17.0;
				MARKETING_VERSION = 0.1.0;
				MTL_ENABLE_DEBUG_INFO = NO;
				MTL_FAST_MATH = YES;
				PRODUCT_NAME = "$(TARGET_NAME)";
				SDKROOT = iphoneos;
				SWIFT_COMPILATION_MODE = wholemodule;
				SWIFT_OPTIMIZATION_LEVEL = "-O";
				SWIFT_STRICT_CONCURRENCY = minimal;
				SWIFT_VERSION = 6.0;
			};
			name = Release;
		};
		418A63995B7246FFA126F493 /* Debug */ = {
			isa = XCBuildConfiguration;
			buildSettings = {
				BUNDLE_LOADER = "$(TEST_HOST)";
				GENERATE_INFOPLIST_FILE = YES;
				LD_RUNPATH_SEARCH_PATHS = (
					"$(inherited)",
					"@executable_path/Frameworks",
					"@loader_path/Frameworks",
				);
				PRODUCT_BUNDLE_IDENTIFIER = app.ok200.ios.uitests;
				SDKROOT = iphoneos;
				TARGETED_DEVICE_FAMILY = "1,2";
				TEST_TARGET_NAME = OK200;
			};
			name = Debug;
		};
		69EC8D604768A4445A49863D /* Debug */ = {
			isa = XCBuildConfiguration;
			buildSettings = {
				ASSETCATALOG_COMPILER_APPICON_NAME = AppIcon;
				CODE_SIGN_IDENTITY = "iPhone Developer";
				INFOPLIST_FILE = 200OK/Info.plist;
				LD_RUNPATH_SEARCH_PATHS = (
					"$(inherited)",
					"@executable_path/Frameworks",
				);
				PRODUCT_BUNDLE_IDENTIFIER = app.ok200.ios;
				PRODUCT_MODULE_NAME = OK200;
				PRODUCT_NAME = OK200;
				SDKROOT = iphoneos;
				SUPPORTS_MACCATALYST = NO;
				TARGETED_DEVICE_FAMILY = "1,2";
			};
			name = Debug;
		};
		6B9A4E1BF8B4EF228DC97F06 /* Release */ = {
			isa = XCBuildConfiguration;
			buildSettings = {
				ASSETCATALOG_COMPILER_APPICON_NAME = AppIcon;
				CODE_SIGN_IDENTITY = "iPhone Developer";
				INFOPLIST_FILE = 200OK/Info.plist;
				LD_RUNPATH_SEARCH_PATHS = (
					"$(inherited)",
					"@executable_path/Frameworks",
				);
				PRODUCT_BUNDLE_IDENTIFIER = app.ok200.ios;
				PRODUCT_MODULE_NAME = OK200;
				PRODUCT_NAME = OK200;
				SDKROOT = iphoneos;
				SUPPORTS_MACCATALYST = NO;
				TARGETED_DEVICE_FAMILY = "1,2";
			};
			name = Release;
		};
		9D811E2FD6BF45B0FDDEF288 /* Debug */ = {
			isa = XCBuildConfiguration;
			buildSettings = {
				ALWAYS_SEARCH_USER_PATHS = NO;
				CLANG_ANALYZER_NONNULL = YES;
				CLANG_ANALYZER_NUMBER_OBJECT_CONVERSION = YES_AGGRESSIVE;
				CLANG_CXX_LANGUAGE_STANDARD = "gnu++14";
				CLANG_CXX_LIBRARY = "libc++";
				CLANG_ENABLE_MODULES = YES;
				CLANG_ENABLE_OBJC_ARC = YES;
				CLANG_ENABLE_OBJC_WEAK = YES;
				CLANG_WARN_BLOCK_CAPTURE_AUTORELEASING = YES;
				CLANG_WARN_BOOL_CONVERSION = YES;
				CLANG_WARN_COMMA = YES;
				CLANG_WARN_CONSTANT_CONVERSION = YES;
				CLANG_WARN_DEPRECATED_OBJC_IMPLEMENTATIONS = YES;
				CLANG_WARN_DIRECT_OBJC_ISA_USAGE = YES_ERROR;
				CLANG_WARN_DOCUMENTATION_COMMENTS = YES;
				CLANG_WARN_EMPTY_BODY = YES;
				CLANG_WARN_ENUM_CONVERSION = YES;
				CLANG_WARN_INFINITE_RECURSION = YES;
				CLANG_WARN_INT_CONVERSION = YES;
				CLANG_WARN_NON_LITERAL_NULL_CONVERSION = YES;
				CLANG_WARN_OBJC_IMPLICIT_RETAIN_SELF = YES;
				CLANG_WARN_OBJC_LITERAL_CONVERSION = YES;
				CLANG_WARN_OBJC_ROOT_CLASS = YES_ERROR;
				CLANG_WARN_QUOTED_INCLUDE_IN_FRAMEWORK_HEADER = YES;
				CLANG_WARN_RANGE_LOOP_ANALYSIS = YES;
				CLANG_WARN_STRICT_PROTOTYPES = YES;
				CLANG_WARN_SUSPICIOUS_MOVE = YES;
				CLANG_WARN_UNGUARDED_AVAILABILITY = YES_AGGRESSIVE;
				CLANG_WARN_UNREACHABLE_CODE = YES;
				CLANG_WARN__DUPLICATE_METHOD_MATCH = YES;
				CODE_SIGN_STYLE = Automatic;
				COPY_PHASE_STRIP = NO;
				CURRENT_PROJECT_VERSION = 1;
				DEBUG_INFORMATION_FORMAT = dwarf;
				ENABLE_STRICT_OBJC_MSGSEND = YES;
				ENABLE_TESTABILITY = YES;
				GCC_C_LANGUAGE_STANDARD = gnu11;
				GCC_DYNAMIC_NO_PIC = NO;
				GCC_NO_COMMON_BLOCKS = YES;
				GCC_OPTIMIZATION_LEVEL = 0;
				GCC_PREPROCESSOR_DEFINITIONS = (
					"$(inherited)",
					"DEBUG=1",
				);
				GCC_WARN_64_TO_32_BIT_CONVERSION = YES;
				GCC_WARN_ABOUT_RETURN_TYPE = YES_ERROR;
				GCC_WARN_UNDECLARED_SELECTOR = YES;
				GCC_WARN_UNINITIALIZED_AUTOS = YES_AGGRESSIVE;
				GCC_WARN_UNUSED_FUNCTION = YES;
				GCC_WARN_UNUSED_VARIABLE = YES;
				IPHONEOS_DEPLOYMENT_TARGET = 17.0;
				MARKETING_VERSION = 0.1.0;
				MTL_ENABLE_DEBUG_INFO = INCLUDE_SOURCE;
				MTL_FAST_MATH = YES;
				ONLY_ACTIVE_ARCH = YES;
				PRODUCT_NAME = "$(TARGET_NAME)";
				SDKROOT = iphoneos;
				SWIFT_ACTIVE_COMPILATION_CONDITIONS = DEBUG;
				SWIFT_OPTIMIZATION_LEVEL = "-Onone";
				SWIFT_STRICT_CONCURRENCY = minimal;
				SWIFT_VERSION = 6.0;
			};
			name = Debug;
		};
		A49C70186F5358EEBBDD1570 /* Release */ = {
			isa = XCBuildConfiguration;
			buildSettings = {
				BUNDLE_LOADER = "$(TEST_HOST)";
				GENERATE_INFOPLIST_FILE = YES;
				LD_RUNPATH_SEARCH_PATHS = (
					"$(inherited)",
					"@executable_path/Frameworks",
					"@loader_path/Frameworks",
				);
				PRODUCT_BUNDLE_IDENTIFIER = app.ok200.ios.uitests;
				SDKROOT = iphoneos;
				TARGETED_DEVICE_FAMILY = "1,2";
				TEST_TARGET_NAME = OK200;
			};
			name = Release;
		};
		A7E759DD09CA7F8F6E354DFB /* Release */ = {
			isa = XCBuildConfiguration;
			buildSettings = {
				BUNDLE_LOADER = "$(TEST_HOST)";
				GENERATE_INFOPLIST_FILE = YES;
				LD_RUNPATH_SEARCH_PATHS = (
					"$(inherited)",
					"@executable_path/Frameworks",
					"@loader_path/Frameworks",
				);
				PRODUCT_BUNDLE_IDENTIFIER = app.ok200.ios.tests;
				SDKROOT = iphoneos;
				TARGETED_DEVICE_FAMILY = "1,2";
				TEST_HOST = "$(BUILT_PRODUCTS_DIR)/OK200.app/OK200";
			};
			name = Release;
		};
/* End XCBuildConfiguration section */

/* Begin XCConfigurationList section */
		0CFEE359EE4A8D4C49FC7A3C /* Build configuration list for PBXNativeTarget "OK200UITests" */ = {
			isa = XCConfigurationList;
			buildConfigurations = (
				418A63995B7246FFA126F493 /* Debug */,
				A49C70186F5358EEBBDD1570 /* Release */,
			);
			defaultConfigurationIsVisible = 0;
			defaultConfigurationName = Debug;
		};
		0E4BF77316831DD2C5D30D23 /* Build configuration list for PBXProject "OK200" */ = {
			isa = XCConfigurationList;
			buildConfigurations = (
				9D811E2FD6BF45B0FDDEF288 /* Debug */,
				24E3B2463D69306E26132876 /* Release */,
			);
			defaultConfigurationIsVisible = 0;
			defaultConfigurationName = Debug;
		};
		4B376F37127ACEA549C8F40F /* Build configuration list for PBXNativeTarget "OK200" */ = {
			isa = XCConfigurationList;
			buildConfigurations = (
				69EC8D604768A4445A49863D /* Debug */,
				6B9A4E1BF8B4EF228DC97F06 /* Release */,
			);
			defaultConfigurationIsVisible = 0;
			defaultConfigurationName = Debug;
		};
		D622A84CA544A3CA10F66BAE /* Build configuration list for PBXNativeTarget "OK200Tests" */ = {
			isa = XCConfigurationList;
			buildConfigurations = (
				22D8B906EE3585061DF66BD5 /* Debug */,
				A7E759DD09CA7F8F6E354DFB /* Release */,
			);
			defaultConfigurationIsVisible = 0;
			defaultConfigurationName = Debug;
		};
/* End XCConfigurationList section */
	};
	rootObject = D8457AB0679B20DB1B93EF57 /* Project object */;
}
